
Microsoft Visual Studio Solution File, Format Version 12.00
# Visual Studio Version 17
VisualStudioVersion = 17.14.36429.23 d17.14
MinimumVisualStudioVersion = 10.0.40219.1
Project("{2150E333-8FDC-42A3-9474-1A3956D46DE8}") = "Task0", "Task0", "{02EA681E-C7D8-13C7-8484-4AC65E1B71E8}"
EndProject
Project("{FAE04EC0-301F-11D3-BF4B-00C04F79EFBC}") = "Tyuiu.DevyatovEV.Sprint5.Task0.V6", "Tyuiu.DevyatovEV.Sprint5.Task0.V6\Tyuiu.DevyatovEV.Sprint5.Task0.V6.csproj", "{95EE8645-3219-4A96-8E27-9F0F660421BD}"
EndProject
Project("{FAE04EC0-301F-11D3-BF4B-00C04F79EFBC}") = "Tyuiu.DevyatovEV.Sprint5.Task0.V6.Lib", "Tyuiu.DevyatovEV.Sprint5.Task0.V6.Lib\Tyuiu.DevyatovEV.Sprint5.Task0.V6.Lib.csproj", "{1E61F0FC-FFD9-4AED-8599-0DD2F68F4A37}"
EndProject
Project("{FAE04EC0-301F-11D3-BF4B-00C04F79EFBC}") = "Tyuiu.DevyatovEV.Sprint5.Task0.V6.Test", "Tyuiu.DevyatovEV.Sprint5.Task0.V6.Test\Tyuiu.DevyatovEV.Sprint5.Task0.V6.Test.csproj", "{83332655-DF42-4D05-AB8E-4CC1A86201E2}"
EndProject
Project("{2150E333-8FDC-42A3-9474-1A3956D46DE8}") = "Task1", "Task1", "{EA668E3F-3651-4A26-AA77-01ED88935449}"
EndProject
Project("{FAE04EC0-301F-11D3-BF4B-00C04F79EFBC}") = "Tyuiu.DevyatovEV.Sprint5.Task1.V24", "Tyuiu.DevyatovEV.Sprint5.Task1.V24\Tyuiu.DevyatovEV.Sprint5.Task1.V24.csproj", "{3571579D-A6FB-4FC7-847A-E1196ACEE9BA}"
EndProject
Project("{FAE04EC0-301F-11D3-BF4B-00C04F79EFBC}") = "Tyuiu.DevyatovEV.Sprint5.Task1.V24.Lib", "Tyuiu.DevyatovEV.Sprint5.Task1.V24.Lib\Tyuiu.DevyatovEV.Sprint5.Task1.V24.Lib.csproj", "{3AFBC520-2422-4A8F-98C7-939F22F3E283}"
EndProject
Project("{FAE04EC0-301F-11D3-BF4B-00C04F79EFBC}") = "Tyuiu.DevyatovEV.Sprint5.Task1.V24.Test", "Tyuiu.DevyatovEV.Sprint5.Task1.V24.Test\Tyuiu.DevyatovEV.Sprint5.Task1.V24.Test.csproj", "{FA8DB40D-B20B-447C-81BF-CCD29A95B588}"
EndProject
Project("{2150E333-8FDC-42A3-9474-1A3956D46DE8}") = "Task2", "Task2", "{C13B3851-80F2-47EB-94C8-59BB6A7DD8DB}"
EndProject
Project("{FAE04EC0-301F-11D3-BF4B-00C04F79EFBC}") = "Tyuiu.DevyatovEV.Sprint5.Task2.V20", "Tyuiu.DevyatovEV.Sprint5.Task2.V20\Tyuiu.DevyatovEV.Sprint5.Task2.V20.csproj", "{8F90BD27-01CA-410B-9D86-9F28E644C42C}"
EndProject
Project("{FAE04EC0-301F-11D3-BF4B-00C04F79EFBC}") = "Tyuiu.DevyatovEV.Sprint5.Task2.V20.Lib", "Tyuiu.DevyatovEV.Sprint5.Task2.V20.Lib\Tyuiu.DevyatovEV.Sprint5.Task2.V20.Lib.csproj", "{98041921-4921-4906-B19F-8FB5A0F88207}"
EndProject
Project("{FAE04EC0-301F-11D3-BF4B-00C04F79EFBC}") = "Tyuiu.DevyatovEV.Sprint5.Task2.V20.Test", "Tyuiu.DevyatovEV.Sprint5.Task2.V20.Test\Tyuiu.DevyatovEV.Sprint5.Task2.V20.Test.csproj", "{9F738EE5-12B1-4946-873D-AD6EBB962DAB}"
EndProject
Project("{2150E333-8FDC-42A3-9474-1A3956D46DE8}") = "Task3", "Task3", "{924F6E10-608C-43A7-AB20-621ADCD5C7D4}"
EndProject
Project("{FAE04EC0-301F-11D3-BF4B-00C04F79EFBC}") = "Tyuiu.DevyatovEV.Sprint5.Task3.V5", "Tyuiu.DevyatovEV.Sprint5.Task3.V5\Tyuiu.DevyatovEV.Sprint5.Task3.V5.csproj", "{01B6EBE1-0120-458E-B9FE-3A0C489CB1A7}"
EndProject
Project("{FAE04EC0-301F-11D3-BF4B-00C04F79EFBC}") = "Tyuiu.DevyatovEV.Sprint5.Task3.V5.Lib", "Tyuiu.DevyatovEV.Sprint5.Task3.V5.Lib\Tyuiu.DevyatovEV.Sprint5.Task3.V5.Lib.csproj", "{ECD530E6-A123-45A2-B0F8-FF88EF5B4D97}"
EndProject
Project("{FAE04EC0-301F-11D3-BF4B-00C04F79EFBC}") = "Tyuiu.DevyatovEV.Sprint5.Task3.V5.Test", "Tyuiu.DevyatovEV.Sprint5.Task3.V5.Test\Tyuiu.DevyatovEV.Sprint5.Task3.V5.Test.csproj", "{A7B1587E-CE87-4540-AC31-6079E7C70F5C}"
EndProject
Project("{2150E333-8FDC-42A3-9474-1A3956D46DE8}") = "Task4", "Task4", "{7940ABBA-CB3B-4FFE-B3B2-1BB04269F7EE}"
EndProject
Project("{FAE04EC0-301F-11D3-BF4B-00C04F79EFBC}") = "Tyuiu.DevyatovEV.Sprint5.Task4.V14", "Tyuiu.DevyatovEV.Sprint5.Task4.V14\Tyuiu.DevyatovEV.Sprint5.Task4.V14.csproj", "{06232149-EC48-4CE5-A8C5-C77E4F99D386}"
EndProject
Project("{FAE04EC0-301F-11D3-BF4B-00C04F79EFBC}") = "Tyuiu.DevyatovEV.Sprint5.Task4.V14.Lib", "Tyuiu.DevyatovEV.Sprint5.Task4.V14.Lib\Tyuiu.DevyatovEV.Sprint5.Task4.V14.Lib.csproj", "{F86E9B36-5B7E-40FB-A1E2-4FC08A721173}"
EndProject
Project("{FAE04EC0-301F-11D3-BF4B-00C04F79EFBC}") = "Tyuiu.DevyatovEV.Sprint5.Task4.V14.Test", "Tyuiu.DevyatovEV.Sprint5.Task4.V14.Test\Tyuiu.DevyatovEV.Sprint5.Task4.V14.Test.csproj", "{D5A88E9C-820A-41B7-B47F-42AFC902657E}"
EndProject
Project("{2150E333-8FDC-42A3-9474-1A3956D46DE8}") = "Task5", "Task5", "{5DFFE8C1-58D4-4768-8EA6-53816D0BDB8D}"
EndProject
Project("{FAE04EC0-301F-11D3-BF4B-00C04F79EFBC}") = "Tyuiu.DevyatovEV.Sprint5.Task5.V20", "Tyuiu.DevyatovEV.Sprint5.Task5.V20\Tyuiu.DevyatovEV.Sprint5.Task5.V20.csproj", "{BF24AA2B-2BEB-4356-8918-84A1747C57A0}"
EndProject
Project("{FAE04EC0-301F-11D3-BF4B-00C04F79EFBC}") = "Tyuiu.DevyatovEV.Sprint5.Task5.V20.Lib", "Tyuiu.DevyatovEV.Sprint5.Task5.V20.Lib\Tyuiu.DevyatovEV.Sprint5.Task5.V20.Lib.csproj", "{B6326B88-538C-4F92-86E3-B96EF9937A9A}"
EndProject
Project("{FAE04EC0-301F-11D3-BF4B-00C04F79EFBC}") = "Tyuiu.DevyatovEV.Sprint5.Task5.V20.Test", "Tyuiu.DevyatovEV.Sprint5.Task5.V20.Test\Tyuiu.DevyatovEV.Sprint5.Task5.V20.Test.csproj", "{5B062793-EC81-48DA-8C90-883EF0796B71}"
EndProject
Project("{2150E333-8FDC-42A3-9474-1A3956D46DE8}") = "Task6", "Task6", "{EE840234-7283-4B80-8C33-1B0543004D70}"
EndProject
Project("{FAE04EC0-301F-11D3-BF4B-00C04F79EFBC}") = "Tyuiu.DevyatovEV.Sprint5.Task6.V19", "Tyuiu.DevyatovEV.Sprint5.Task6.V19\Tyuiu.DevyatovEV.Sprint5.Task6.V19.csproj", "{320DBCAD-3C1F-4007-91A6-BFFD2FFC4238}"
EndProject
Project("{FAE04EC0-301F-11D3-BF4B-00C04F79EFBC}") = "Tyuiu.DevyatovEV.Sprint5.Task6.V19.Lib", "Tyuiu.DevyatovEV.Sprint5.Task6.V19.Lib\Tyuiu.DevyatovEV.Sprint5.Task6.V19.Lib.csproj", "{AE9FB9DE-ABF6-4C31-B223-734C698845C1}"
EndProject
Project("{FAE04EC0-301F-11D3-BF4B-00C04F79EFBC}") = "Tyuiu.DevyatovEV.Sprint5.Task6.V19.Test", "Tyuiu.DevyatovEV.Sprint5.Task6.V19.Test\Tyuiu.DevyatovEV.Sprint5.Task6.V19.Test.csproj", "{E5941787-94D6-4077-BE00-80A332BE32DC}"
EndProject
Project("{2150E333-8FDC-42A3-9474-1A3956D46DE8}") = "Task7", "Task7", "{61E059F3-74B4-44CC-90FE-754FC61DBC27}"
EndProject
Project("{FAE04EC0-301F-11D3-BF4B-00C04F79EFBC}") = "Tyuiu.DevyatovEV.Sprint5.Task7.V1", "Tyuiu.DevyatovEV.Sprint5.Task7.V1\Tyuiu.DevyatovEV.Sprint5.Task7.V1.csproj", "{73C15689-B52F-4CAD-B358-7F546E2880B9}"
EndProject
Project("{FAE04EC0-301F-11D3-BF4B-00C04F79EFBC}") = "Tyuiu.DevyatovEV.Sprint5.Task7.V1.Lib", "Tyuiu.DevyatovEV.Sprint5.Task7.V1.Lib\Tyuiu.DevyatovEV.Sprint5.Task7.V1.Lib.csproj", "{E4EB98C4-7454-4535-B846-0A9BFBB42E65}"
EndProject
Project("{FAE04EC0-301F-11D3-BF4B-00C04F79EFBC}") = "Tyuiu.DevyatovEV.Sprint5.Task7.V1.Test", "Tyuiu.DevyatovEV.Sprint5.Task7.V1.Test\Tyuiu.DevyatovEV.Sprint5.Task7.V1.Test.csproj", "{C9B36109-5407-4AB8-B4C9-94B156B2FF87}"
EndProject
Global
	GlobalSection(SolutionConfigurationPlatforms) = preSolution
		Debug|Any CPU = Debug|Any CPU
		Release|Any CPU = Release|Any CPU
	EndGlobalSection
	GlobalSection(ProjectConfigurationPlatforms) = postSolution
		{95EE8645-3219-4A96-8E27-9F0F660421BD}.Debug|Any CPU.ActiveCfg = Debug|Any CPU
		{95EE8645-3219-4A96-8E27-9F0F660421BD}.Debug|Any CPU.Build.0 = Debug|Any CPU
		{95EE8645-3219-4A96-8E27-9F0F660421BD}.Release|Any CPU.ActiveCfg = Release|Any CPU
		{95EE8645-3219-4A96-8E27-9F0F660421BD}.Release|Any CPU.Build.0 = Release|Any CPU
		{1E61F0FC-FFD9-4AED-8599-0DD2F68F4A37}.Debug|Any CPU.ActiveCfg = Debug|Any CPU
		{1E61F0FC-FFD9-4AED-8599-0DD2F68F4A37}.Debug|Any CPU.Build.0 = Debug|Any CPU
		{1E61F0FC-FFD9-4AED-8599-0DD2F68F4A37}.Release|Any CPU.ActiveCfg = Release|Any CPU
		{1E61F0FC-FFD9-4AED-8599-0DD2F68F4A37}.Release|Any CPU.Build.0 = Release|Any CPU
		{83332655-DF42-4D05-AB8E-4CC1A86201E2}.Debug|Any CPU.ActiveCfg = Debug|Any CPU
		{83332655-DF42-4D05-AB8E-4CC1A86201E2}.Debug|Any CPU.Build.0 = Debug|Any CPU
		{83332655-DF42-4D05-AB8E-4CC1A86201E2}.Release|Any CPU.ActiveCfg = Release|Any CPU
		{83332655-DF42-4D05-AB8E-4CC1A86201E2}.Release|Any CPU.Build.0 = Release|Any CPU
		{3571579D-A6FB-4FC7-847A-E1196ACEE9BA}.Debug|Any CPU.ActiveCfg = Debug|Any CPU
		{3571579D-A6FB-4FC7-847A-E1196ACEE9BA}.Debug|Any CPU.Build.0 = Debug|Any CPU
		{3571579D-A6FB-4FC7-847A-E1196ACEE9BA}.Release|Any CPU.ActiveCfg = Release|Any CPU
		{3571579D-A6FB-4FC7-847A-E1196ACEE9BA}.Release|Any CPU.Build.0 = Release|Any CPU
		{3AFBC520-2422-4A8F-98C7-939F22F3E283}.Debug|Any CPU.ActiveCfg = Debug|Any CPU
		{3AFBC520-2422-4A8F-98C7-939F22F3E283}.Debug|Any CPU.Build.0 = Debug|Any CPU
		{3AFBC520-2422-4A8F-98C7-939F22F3E283}.Release|Any CPU.ActiveCfg = Release|Any CPU
		{3AFBC520-2422-4A8F-98C7-939F22F3E283}.Release|Any CPU.Build.0 = Release|Any CPU
		{FA8DB40D-B20B-447C-81BF-CCD29A95B588}.Debug|Any CPU.ActiveCfg = Debug|Any CPU
		{FA8DB40D-B20B-447C-81BF-CCD29A95B588}.Debug|Any CPU.Build.0 = Debug|Any CPU
		{FA8DB40D-B20B-447C-81BF-CCD29A95B588}.Release|Any CPU.ActiveCfg = Release|Any CPU
		{FA8DB40D-B20B-447C-81BF-CCD29A95B588}.Release|Any CPU.Build.0 = Release|Any CPU
		{8F90BD27-01CA-410B-9D86-9F28E644C42C}.Debug|Any CPU.ActiveCfg = Debug|Any CPU
		{8F90BD27-01CA-410B-9D86-9F28E644C42C}.Debug|Any CPU.Build.0 = Debug|Any CPU
		{8F90BD27-01CA-410B-9D86-9F28E644C42C}.Release|Any CPU.ActiveCfg = Release|Any CPU
		{8F90BD27-01CA-410B-9D86-9F28E644C42C}.Release|Any CPU.Build.0 = Release|Any CPU
		{98041921-4921-4906-B19F-8FB5A0F88207}.Debug|Any CPU.ActiveCfg = Debug|Any CPU
		{98041921-4921-4906-B19F-8FB5A0F88207}.Debug|Any CPU.Build.0 = Debug|Any CPU
		{98041921-4921-4906-B19F-8FB5A0F88207}.Release|Any CPU.ActiveCfg = Release|Any CPU
		{98041921-4921-4906-B19F-8FB5A0F88207}.Release|Any CPU.Build.0 = Release|Any CPU
		{9F738EE5-12B1-4946-873D-AD6EBB962DAB}.Debug|Any CPU.ActiveCfg = Debug|Any CPU
		{9F738EE5-12B1-4946-873D-AD6EBB962DAB}.Debug|Any CPU.Build.0 = Debug|Any CPU
		{9F738EE5-12B1-4946-873D-AD6EBB962DAB}.Release|Any CPU.ActiveCfg = Release|Any CPU
		{9F738EE5-12B1-4946-873D-AD6EBB962DAB}.Release|Any CPU.Build.0 = Release|Any CPU
		{01B6EBE1-0120-458E-B9FE-3A0C489CB1A7}.Debug|Any CPU.ActiveCfg = Debug|Any CPU
		{01B6EBE1-0120-458E-B9FE-3A0C489CB1A7}.Debug|Any CPU.Build.0 = Debug|Any CPU
		{01B6EBE1-0120-458E-B9FE-3A0C489CB1A7}.Release|Any CPU.ActiveCfg = Release|Any CPU
		{01B6EBE1-0120-458E-B9FE-3A0C489CB1A7}.Release|Any CPU.Build.0 = Release|Any CPU
		{ECD530E6-A123-45A2-B0F8-FF88EF5B4D97}.Debug|Any CPU.ActiveCfg = Debug|Any CPU
		{ECD530E6-A123-45A2-B0F8-FF88EF5B4D97}.Debug|Any CPU.Build.0 = Debug|Any CPU
		{ECD530E6-A123-45A2-B0F8-FF88EF5B4D97}.Release|Any CPU.ActiveCfg = Release|Any CPU
		{ECD530E6-A123-45A2-B0F8-FF88EF5B4D97}.Release|Any CPU.Build.0 = Release|Any CPU
		{A7B1587E-CE87-4540-AC31-6079E7C70F5C}.Debug|Any CPU.ActiveCfg = Debug|Any CPU
		{A7B1587E-CE87-4540-AC31-6079E7C70F5C}.Debug|Any CPU.Build.0 = Debug|Any CPU
		{A7B1587E-CE87-4540-AC31-6079E7C70F5C}.Release|Any CPU.ActiveCfg = Release|Any CPU
		{A7B1587E-CE87-4540-AC31-6079E7C70F5C}.Release|Any CPU.Build.0 = Release|Any CPU
		{06232149-EC48-4CE5-A8C5-C77E4F99D386}.Debug|Any CPU.ActiveCfg = Debug|Any CPU
		{06232149-EC48-4CE5-A8C5-C77E4F99D386}.Debug|Any CPU.Build.0 = Debug|Any CPU
		{06232149-EC48-4CE5-A8C5-C77E4F99D386}.Release|Any CPU.ActiveCfg = Release|Any CPU
		{06232149-EC48-4CE5-A8C5-C77E4F99D386}.Release|Any CPU.Build.0 = Release|Any CPU
		{F86E9B36-5B7E-40FB-A1E2-4FC08A721173}.Debug|Any CPU.ActiveCfg = Debug|Any CPU
		{F86E9B36-5B7E-40FB-A1E2-4FC08A721173}.Debug|Any CPU.Build.0 = Debug|Any CPU
		{F86E9B36-5B7E-40FB-A1E2-4FC08A721173}.Release|Any CPU.ActiveCfg = Release|Any CPU
		{F86E9B36-5B7E-40FB-A1E2-4FC08A721173}.Release|Any CPU.Build.0 = Release|Any CPU
		{D5A88E9C-820A-41B7-B47F-42AFC902657E}.Debug|Any CPU.ActiveCfg = Debug|Any CPU
		{D5A88E9C-820A-41B7-B47F-42AFC902657E}.Debug|Any CPU.Build.0 = Debug|Any CPU
		{D5A88E9C-820A-41B7-B47F-42AFC902657E}.Release|Any CPU.ActiveCfg = Release|Any CPU
		{D5A88E9C-820A-41B7-B47F-42AFC902657E}.Release|Any CPU.Build.0 = Release|Any CPU
		{BF24AA2B-2BEB-4356-8918-84A1747C57A0}.Debug|Any CPU.ActiveCfg = Debug|Any CPU
		{BF24AA2B-2BEB-4356-8918-84A1747C57A0}.Debug|Any CPU.Build.0 = Debug|Any CPU
		{BF24AA2B-2BEB-4356-8918-84A1747C57A0}.Release|Any CPU.ActiveCfg = Release|Any CPU
		{BF24AA2B-2BEB-4356-8918-84A1747C57A0}.Release|Any CPU.Build.0 = Release|Any CPU
		{B6326B88-538C-4F92-86E3-B96EF9937A9A}.Debug|Any CPU.ActiveCfg = Debug|Any CPU
		{B6326B88-538C-4F92-86E3-B96EF9937A9A}.Debug|Any CPU.Build.0 = Debug|Any CPU
		{B6326B88-538C-4F92-86E3-B96EF9937A9A}.Release|Any CPU.ActiveCfg = Release|Any CPU
		{B6326B88-538C-4F92-86E3-B96EF9937A9A}.Release|Any CPU.Build.0 = Release|Any CPU
		{5B062793-EC81-48DA-8C90-883EF0796B71}.Debug|Any CPU.ActiveCfg = Debug|Any CPU
		{5B062793-EC81-48DA-8C90-883EF0796B71}.Debug|Any CPU.Build.0 = Debug|Any CPU
		{5B062793-EC81-48DA-8C90-883EF0796B71}.Release|Any CPU.ActiveCfg = Release|Any CPU
		{5B062793-EC81-48DA-8C90-883EF0796B71}.Release|Any CPU.Build.0 = Release|Any CPU
		{320DBCAD-3C1F-4007-91A6-BFFD2FFC4238}.Debug|Any CPU.ActiveCfg = Debug|Any CPU
		{320DBCAD-3C1F-4007-91A6-BFFD2FFC4238}.Debug|Any CPU.Build.0 = Debug|Any CPU
		{320DBCAD-3C1F-4007-91A6-BFFD2FFC4238}.Release|Any CPU.ActiveCfg = Release|Any CPU
		{320DBCAD-3C1F-4007-91A6-BFFD2FFC4238}.Release|Any CPU.Build.0 = Release|Any CPU
		{AE9FB9DE-ABF6-4C31-B223-734C698845C1}.Debug|Any CPU.ActiveCfg = Debug|Any CPU
		{AE9FB9DE-ABF6-4C31-B223-734C698845C1}.Debug|Any CPU.Build.0 = Debug|Any CPU
		{AE9FB9DE-ABF6-4C31-B223-734C698845C1}.Release|Any CPU.ActiveCfg = Release|Any CPU
		{AE9FB9DE-ABF6-4C31-B223-734C698845C1}.Release|Any CPU.Build.0 = Release|Any CPU
		{E5941787-94D6-4077-BE00-80A332BE32DC}.Debug|Any CPU.ActiveCfg = Debug|Any CPU
		{E5941787-94D6-4077-BE00-80A332BE32DC}.Debug|Any CPU.Build.0 = Debug|Any CPU
		{E5941787-94D6-4077-BE00-80A332BE32DC}.Release|Any CPU.ActiveCfg = Release|Any CPU
		{E5941787-94D6-4077-BE00-80A332BE32DC}.Release|Any CPU.Build.0 = Release|Any CPU
		{73C15689-B52F-4CAD-B358-7F546E2880B9}.Debug|Any CPU.ActiveCfg = Debug|Any CPU
		{73C15689-B52F-4CAD-B358-7F546E2880B9}.Debug|Any CPU.Build.0 = Debug|Any CPU
		{73C15689-B52F-4CAD-B358-7F546E2880B9}.Release|Any CPU.ActiveCfg = Release|Any CPU
		{73C15689-B52F-4CAD-B358-7F546E2880B9}.Release|Any CPU.Build.0 = Release|Any CPU
		{E4EB98C4-7454-4535-B846-0A9BFBB42E65}.Debug|Any CPU.ActiveCfg = Debug|Any CPU
		{E4EB98C4-7454-4535-B846-0A9BFBB42E65}.Debug|Any CPU.Build.0 = Debug|Any CPU
		{E4EB98C4-7454-4535-B846-0A9BFBB42E65}.Release|Any CPU.ActiveCfg = Release|Any CPU
		{E4EB98C4-7454-4535-B846-0A9BFBB42E65}.Release|Any CPU.Build.0 = Release|Any CPU
		{C9B36109-5407-4AB8-B4C9-94B156B2FF87}.Debug|Any CPU.ActiveCfg = Debug|Any CPU
		{C9B36109-5407-4AB8-B4C9-94B156B2FF87}.Debug|Any CPU.Build.0 = Debug|Any CPU
		{C9B36109-5407-4AB8-B4C9-94B156B2FF87}.Release|Any CPU.ActiveCfg = Release|Any CPU
		{C9B36109-5407-4AB8-B4C9-94B156B2FF87}.Release|Any CPU.Build.0 = Release|Any CPU
	EndGlobalSection
	GlobalSection(SolutionProperties) = preSolution
		HideSolutionNode = FALSE
	EndGlobalSection
	GlobalSection(NestedProjects) = preSolution
		{95EE8645-3219-4A96-8E27-9F0F660421BD} = {02EA681E-C7D8-13C7-8484-4AC65E1B71E8}
		{1E61F0FC-FFD9-4AED-8599-0DD2F68F4A37} = {02EA681E-C7D8-13C7-8484-4AC65E1B71E8}
		{83332655-DF42-4D05-AB8E-4CC1A86201E2} = {02EA681E-C7D8-13C7-8484-4AC65E1B71E8}
		{3571579D-A6FB-4FC7-847A-E1196ACEE9BA} = {EA668E3F-3651-4A26-AA77-01ED88935449}
		{3AFBC520-2422-4A8F-98C7-939F22F3E283} = {EA668E3F-3651-4A26-AA77-01ED88935449}
		{FA8DB40D-B20B-447C-81BF-CCD29A95B588} = {EA668E3F-3651-4A26-AA77-01ED88935449}
		{8F90BD27-01CA-410B-9D86-9F28E644C42C} = {C13B3851-80F2-47EB-94C8-59BB6A7DD8DB}
		{98041921-4921-4906-B19F-8FB5A0F88207} = {C13B3851-80F2-47EB-94C8-59BB6A7DD8DB}
		{9F738EE5-12B1-4946-873D-AD6EBB962DAB} = {C13B3851-80F2-47EB-94C8-59BB6A7DD8DB}
		{01B6EBE1-0120-458E-B9FE-3A0C489CB1A7} = {924F6E10-608C-43A7-AB20-621ADCD5C7D4}
		{ECD530E6-A123-45A2-B0F8-FF88EF5B4D97} = {924F6E10-608C-43A7-AB20-621ADCD5C7D4}
		{A7B1587E-CE87-4540-AC31-6079E7C70F5C} = {924F6E10-608C-43A7-AB20-621ADCD5C7D4}
		{06232149-EC48-4CE5-A8C5-C77E4F99D386} = {7940ABBA-CB3B-4FFE-B3B2-1BB04269F7EE}
		{F86E9B36-5B7E-40FB-A1E2-4FC08A721173} = {7940ABBA-CB3B-4FFE-B3B2-1BB04269F7EE}
		{D5A88E9C-820A-41B7-B47F-42AFC902657E} = {7940ABBA-CB3B-4FFE-B3B2-1BB04269F7EE}
		{BF24AA2B-2BEB-4356-8918-84A1747C57A0} = {5DFFE8C1-58D4-4768-8EA6-53816D0BDB8D}
		{B6326B88-538C-4F92-86E3-B96EF9937A9A} = {5DFFE8C1-58D4-4768-8EA6-53816D0BDB8D}
		{5B062793-EC81-48DA-8C90-883EF0796B71} = {5DFFE8C1-58D4-4768-8EA6-53816D0BDB8D}
		{320DBCAD-3C1F-4007-91A6-BFFD2FFC4238} = {EE840234-7283-4B80-8C33-1B0543004D70}
		{AE9FB9DE-ABF6-4C31-B223-734C698845C1} = {EE840234-7283-4B80-8C33-1B0543004D70}
		{E5941787-94D6-4077-BE00-80A332BE32DC} = {EE840234-7283-4B80-8C33-1B0543004D70}
		{73C15689-B52F-4CAD-B358-7F546E2880B9} = {61E059F3-74B4-44CC-90FE-754FC61DBC27}
		{E4EB98C4-7454-4535-B846-0A9BFBB42E65} = {61E059F3-74B4-44CC-90FE-754FC61DBC27}
		{C9B36109-5407-4AB8-B4C9-94B156B2FF87} = {61E059F3-74B4-44CC-90FE-754FC61DBC27}
	EndGlobalSection
	GlobalSection(ExtensibilityGlobals) = postSolution
		SolutionGuid = {F10764AA-315F-4424-97E2-7DB378FB4E70}
	EndGlobalSection
EndGlobal
